Microsoft Visual Studio Solution File, Format Version 12.00
# Visual Studio Version 17
VisualStudioVersion = 17.5.2.0
MinimumVisualStudioVersion = 10.0.40219.1
Project("{FAE04EC0-301F-11D3-BF4B-00C04F79EFBC}") = "ArsenalApi", "ArsenalApi.csproj", "{4D00B133-98BE-5BFC-5546-42E352676CD4}"
EndProject
Project("{FAE04EC0-301F-11D3-BF4B-00C04F79EFBC}") = "ArsenalApi.Tests", "ArsenalApi.Tests\ArsenalApi.Tests.csproj", "{FA6482D8-6AC2-4510-B67E-D8079C28B301}"
EndProject
Global
	GlobalSection(SolutionConfigurationPlatforms) = preSolution
		Debug|Any CPU = Debug|Any CPU
		Release|Any CPU = Release|Any CPU
	EndGlobalSection
	GlobalSection(ProjectConfigurationPlatforms) = postSolution
		{4D00B133-98BE-5BFC-5546-42E352676CD4}.Debug|Any CPU.ActiveCfg = Debug|Any CPU
		{4D00B133-98BE-5BFC-5546-42E352676CD4}.Debug|Any CPU.Build.0 = Debug|Any CPU
		{4D00B133-98BE-5BFC-5546-42E352676CD4}.Release|Any CPU.ActiveCfg = Release|Any CPU
		{4D00B133-98BE-5BFC-5546-42E352676CD4}.Release|Any CPU.Build.0 = Release|Any CPU
		{FA6482D8-6AC2-4510-B67E-D8079C28B301}.Debug|Any CPU.ActiveCfg = Debug|Any CPU
		{FA6482D8-6AC2-4510-B67E-D8079C28B301}.Debug|Any CPU.Build.0 = Debug|Any CPU
		{FA6482D8-6AC2-4510-B67E-D8079C28B301}.Release|Any CPU.ActiveCfg = Release|Any CPU
		{FA6482D8-6AC2-4510-B67E-D8079C28B301}.Release|Any CPU.Build.0 = Release|Any CPU
	EndGlobalSection
	GlobalSection(SolutionProperties) = preSolution
		HideSolutionNode = FALSE
	EndGlobalSection
	GlobalSection(ExtensibilityGlobals) = postSolution
		SolutionGuid = {FD642ADA-3507-48BF-8654-9564F3613885}
	EndGlobalSection
EndGlobal
